// !$*UTF8*$!
{
	archiveVersion = 1;
	classes = {
	};
	objectVersion = 46;
	objects = {

/* Begin PBXBuildFile section */
		686EEB151A7F3BC000EE8D8C /* AppDelegate.swift in Sources */ = {isa = PBXBuildFile; fileRef = 686EEB141A7F3BC000EE8D8C /* AppDelegate.swift */; };
		686EEB171A7F3BC000EE8D8C /* ViewController.swift in Sources */ = {isa = PBXBuildFile; fileRef = 686EEB161A7F3BC000EE8D8C /* ViewController.swift */; };
		686EEB1A1A7F3BC000EE8D8C /* Main.storyboard in Resources */ = {isa = PBXBuildFile; fileRef = 686EEB181A7F3BC000EE8D8C /* Main.storyboard */; };
		686EEB1C1A7F3BC000EE8D8C /* Images.xcassets in Resources */ = {isa = PBXBuildFile; fileRef = 686EEB1B1A7F3BC000EE8D8C /* Images.xcassets */; };
		686EEB1F1A7F3BC000EE8D8C /* LaunchScreen.xib in Resources */ = {isa = PBXBuildFile; fileRef = 686EEB1D1A7F3BC000EE8D8C /* LaunchScreen.xib */; };
		686EEB2B1A7F3BC000EE8D8C /* tippinTests.swift in Sources */ = {isa = PBXBuildFile; fileRef = 686EEB2A1A7F3BC000EE8D8C /* tippinTests.swift */; };
		68E957881A835B38003C051B /* SettingsViewController.swift in Sources */ = {isa = PBXBuildFile; fileRef = 68E957871A835B38003C051B /* SettingsViewController.swift */; };
/* End PBXBuildFile section */

/* Begin PBXContainerItemProxy section */
		686EEB251A7F3BC000EE8D8C /* PBXContainerItemProxy */ = {
			isa = PBXContainerItemProxy;
			containerPortal = 686EEB071A7F3BC000EE8D8C /* Project object */;
			proxyType = 1;
			remoteGlobalIDString = 686EEB0E1A7F3BC000EE8D8C;
			remoteInfo = tippin;
		};
/* End PBXContainerItemProxy section */

/* Begin PBXFileReference section */
		686EEB0F1A7F3BC000EE8D8C /* tippin.app */ = {isa = PBXFileReference; explicitFileType = wrapper.application; includeInIndex = 0; path = tippin.app; sourceTree = BUILT_PRODUCTS_DIR; };
		686EEB131A7F3BC000EE8D8C /* Info.plist */ = {isa = PBXFileReference; lastKnownFileType = text.plist.xml; path = Info.plist; sourceTree = "<group>"; };
		686EEB141A7F3BC000EE8D8C /* AppDelegate.swift */ = {isa = PBXFileReference; lastKnownFileType = sourcecode.swift; path = AppDelegate.swift; sourceTree = "<group>"; };
		686EEB161A7F3BC000EE8D8C /* ViewController.swift */ = {isa = PBXFileReference; lastKnownFileType = sourcecode.swift; path = ViewController.swift; sourceTree = "<group>"; };
		686EEB191A7F3BC000EE8D8C /* Base */ = {isa = PBXFileReference; lastKnownFileType = file.storyboard; name = Base; path = Base.lproj/Main.storyboard; sourceTree = "<group>"; };
		686EEB1B1A7F3BC000EE8D8C /* Images.xcassets */ = {isa = PBXFileReference; lastKnownFileType = folder.assetcatalog; path = Images.xcassets; sourceTree = "<group>"; };
		686EEB1E1A7F3BC000EE8D8C /* Base */ = {isa = PBXFileReference; lastKnownFileType = file.xib; name = Base; path = Base.lproj/LaunchScreen.xib; sourceTree = "<group>"; };
		686EEB241A7F3BC000EE8D8C /* tippinTests.xctest */ = {isa = PBXFileReference; explicitFileType = wrapper.cfbundle; includeInIndex = 0; path = tippinTests.xctest; sourceTree = BUILT_PRODUCTS_DIR; };
		686EEB291A7F3BC000EE8D8C /* Info.plist */ = {isa = PBXFileReference; lastKnownFileType = text.plist.xml; path = Info.plist; sourceTree = "<group>"; };
		686EEB2A1A7F3BC000EE8D8C /* tippinTests.swift */ = {isa = PBXFileReference; lastKnownFileType = sourcecode.swift; path = tippinTests.swift; sourceTree = "<group>"; };
		68E957871A835B38003C051B /* SettingsViewController.swift */ = {isa = PBXFileReference; fileEncoding = 4; lastKnownFileType = sourcecode.swift; path = SettingsViewController.swift; sourceTree = "<group>"; };
/* End PBXFileReference section */

/* Begin PBXFrameworksBuildPhase section */
		686EEB0C1A7F3BC000EE8D8C /* Frameworks */ = {
			isa = PBXFrameworksBuildPhase;
			buildActionMask = 2147483647;
			files = (
			);
			runOnlyForDeploymentPostprocessing = 0;
		};
		686EEB211A7F3BC000EE8D8C /* Frameworks */ = {
			isa = PBXFrameworksBuildPhase;
			buildActionMask = 2147483647;
			files = (
			);
			runOnlyForDeploymentPostprocessing = 0;
		};
/* End PBXFrameworksBuildPhase section */

/* Begin PBXGroup section */
		686EEB061A7F3BC000EE8D8C = {
			isa = PBXGroup;
			children = (
				686EEB111A7F3BC000EE8D8C /* tippin */,
				686EEB271A7F3BC000EE8D8C /* tippinTests */,
				686EEB101A7F3BC000EE8D8C /* Products */,
			);
			sourceTree = "<group>";
		};
		686EEB101A7F3BC000EE8D8C /* Products */ = {
			isa = PBXGroup;
			children = (
				686EEB0F1A7F3BC000EE8D8C /* tippin.app */,
				686EEB241A7F3BC000EE8D8C /* tippinTests.xctest */,
			);
			name = Products;
			sourceTree = "<group>";
		};
		686EEB111A7F3BC000EE8D8C /* tippin */ = {
			isa = PBXGroup;
			children = (
				686EEB141A7F3BC000EE8D8C /* AppDelegate.swift */,
				686EEB161A7F3BC000EE8D8C /* ViewController.swift */,
				686EEB181A7F3BC000EE8D8C /* Main.storyboard */,
				68E957871A835B38003C051B /* SettingsViewController.swift */,
				686EEB1B1A7F3BC000EE8D8C /* Images.xcassets */,
				686EEB1D1A7F3BC000EE8D8C /* LaunchScreen.xib */,
				686EEB121A7F3BC000EE8D8C /* Supporting Files */,
			);
			path = tippin;
			sourceTree = "<group>";
		};
		686EEB121A7F3BC000EE8D8C /* Supporting Files */ = {
			isa = PBXGroup;
			children = (
				686EEB131A7F3BC000EE8D8C /* Info.plist */,
			);
			name = "Supporting Files";
			sourceTree = "<group>";
		};
		686EEB271A7F3BC000EE8D8C /* tippinTests */ = {
			isa = PBXGroup;
			children = (
				686EEB2A1A7F3BC000EE8D8C /* tippinTests.swift */,
				686EEB281A7F3BC000EE8D8C /* Supporting Files */,
			);
			path = tippinTests;
			sourceTree = "<group>";
		};
		686EEB281A7F3BC000EE8D8C /* Supporting Files */ = {
			isa = PBXGroup;
			children = (
				686EEB291A7F3BC000EE8D8C /* Info.plist */,
			);
			name = "Supporting Files";
			sourceTree = "<group>";
		};
/* End PBXGroup section */

/* Begin PBXNativeTarget section */
		686EEB0E1A7F3BC000EE8D8C /* tippin */ = {
			isa = PBXNativeTarget;
			buildConfigurationList = 686EEB2E1A7F3BC000EE8D8C /* Build configuration list for PBXNativeTarget "tippin" */;
			buildPhases = (
				686EEB0B1A7F3BC000EE8D8C /* Sources */,
				686EEB0C1A7F3BC000EE8D8C /* Frameworks */,
				686EEB0D1A7F3BC000EE8D8C /* Resources */,
			);
			buildRules = (
			);
			dependencies = (
			);
			name = tippin;
			productName = tippin;
			productReference = 686EEB0F1A7F3BC000EE8D8C /* tippin.app */;
			productType = "com.apple.product-type.application";
		};
		686EEB231A7F3BC000EE8D8C /* tippinTests */ = {
			isa = PBXNativeTarget;
			buildConfigurationList = 686EEB311A7F3BC000EE8D8C /* Build configuration list for PBXNativeTarget "tippinTests" */;
			buildPhases = (
				686EEB201A7F3BC000EE8D8C /* Sources */,
				686EEB211A7F3BC000EE8D8C /* Frameworks */,
				686EEB221A7F3BC000EE8D8C /* Resources */,
			);
			buildRules = (
			);
			dependencies = (
				686EEB261A7F3BC000EE8D8C /* PBXTargetDependency */,
			);
			name = tippinTests;
			productName = tippinTests;
			productReference = 686EEB241A7F3BC000EE8D8C /* tippinTests.xctest */;
			productType = "com.apple.product-type.bundle.unit-test";
		};
/* End PBXNativeTarget section */

/* Begin PBXProject section */
		686EEB071A7F3BC000EE8D8C /* Project object */ = {
			isa = PBXProject;
			attributes = {
				LastUpgradeCheck = 0610;
				ORGANIZATIONNAME = "Eric Huang";
				TargetAttributes = {
					686EEB0E1A7F3BC000EE8D8C = {
						CreatedOnToolsVersion = 6.1.1;
					};
					686EEB231A7F3BC000EE8D8C = {
						CreatedOnToolsVersion = 6.1.1;
						TestTargetID = 686EEB0E1A7F3BC000EE8D8C;
					};
				};
			};
			buildConfigurationList = 686EEB0A1A7F3BC000EE8D8C /* Build configuration list for PBXProject "tippin" */;
			compatibilityVersion = "Xcode 3.2";
			developmentRegion = English;
			hasScannedForEncodings = 0;
			knownRegions = (
				en,
				Base,
			);
			mainGroup = 686EEB061A7F3BC000EE8D8C;
			productRefGroup = 686EEB101A7F3BC000EE8D8C /* Products */;
			projectDirPath = "";
			projectRoot = "";
			targets = (
				686EEB0E1A7F3BC000EE8D8C /* tippin */,
				686EEB231A7F3BC000EE8D8C /* tippinTests */,
			);
		};
/* End PBXProject section */

/* Begin PBXResourcesBuildPhase section */
		686EEB0D1A7F3BC000EE8D8C /* Resources */ = {
			isa = PBXResourcesBuildPhase;
			buildActionMask = 2147483647;
			files = (
				686EEB1A1A7F3BC000EE8D8C /* Main.storyboard in Resources */,
				686EEB1F1A7F3BC000EE8D8C /* LaunchScreen.xib in Resources */,
				686EEB1C1A7F3BC000EE8D8C /* Images.xcassets in Resources */,
			);
			runOnlyForDeploymentPostprocessing = 0;
		};
		686EEB221A7F3BC000EE8D8C /* Resources */ = {
			isa = PBXResourcesBuildPhase;
			buildActionMask = 2147483647;
			files = (
			);
			runOnlyForDeploymentPostprocessing = 0;
		};
/* End PBXResourcesBuildPhase section */

/* Begin PBXSourcesBuildPhase section */
		686EEB0B1A7F3BC000EE8D8C /* Sources */ = {
			isa = PBXSourcesBuildPhase;
			buildActionMask = 2147483647;
			files = (
				686EEB171A7F3BC000EE8D8C /* ViewController.swift in Sources */,
				686EEB151A7F3BC000EE8D8C /* AppDelegate.swift in Sources */,
				68E957881A835B38003C051B /* SettingsViewController.swift in Sources */,
			);
			runOnlyForDeploymentPostprocessing = 0;
		};
		686EEB201A7F3BC000EE8D8C /* Sources */ = {
			isa = PBXSourcesBuildPhase;
			buildActionMask = 2147483647;
			files = (
				686EEB2B1A7F3BC000EE8D8C /* tippinTests.swift in Sources */,
			);
			runOnlyForDeploymentPostprocessing = 0;
		};
/* End PBXSourcesBuildPhase section */

/* Begin PBXTargetDependency section */
		686EEB261A7F3BC000EE8D8C /* PBXTargetDependency */ = {
			isa = PBXTargetDependency;
			target = 686EEB0E1A7F3BC000EE8D8C /* tippin */;
			targetProxy = 686EEB251A7F3BC000EE8D8C /* PBXContainerItemProxy */;
		};
/* End PBXTargetDependency section */

/* Begin PBXVariantGroup section */
		686EEB181A7F3BC000EE8D8C /* Main.storyboard */ = {
			isa = PBXVariantGroup;
			children = (
				686EEB191A7F3BC000EE8D8C /* Base */,
			);
			name = Main.storyboard;
			sourceTree = "<group>";
		};
		686EEB1D1A7F3BC000EE8D8C /* LaunchScreen.xib */ = {
			isa = PBXVariantGroup;
			children = (
				686EEB1E1A7F3BC000EE8D8C /* Base */,
			);
			name = LaunchScreen.xib;
			sourceTree = "<group>";
		};
/* End PBXVariantGroup section */

/* Begin XCBuildConfiguration section */
		686EEB2C1A7F3BC000EE8D8C /* Debug */ = {
			isa = XCBuildConfiguration;
			buildSettings = {
				ALWAYS_SEARCH_USER_PATHS = NO;
				CLANG_CXX_LANGUAGE_STANDARD = "gnu++0x";
				CLANG_CXX_LIBRARY = "libc++";
				CLANG_ENABLE_MODULES = YES;
				CLANG_ENABLE_OBJC_ARC = YES;
				CLANG_WARN_BOOL_CONVERSION = YES;
				CLANG_WARN_CONSTANT_CONVERSION = YES;
				CLANG_WARN_DIRECT_OBJC_ISA_USAGE = YES_ERROR;
				CLANG_WARN_EMPTY_BODY = YES;
				CLANG_WARN_ENUM_CONVERSION = YES;
				CLANG_WARN_INT_CONVERSION = YES;
				CLANG_WARN_OBJC_ROOT_CLASS = YES_ERROR;
				CLANG_WARN_UNREACHABLE_CODE = YES;
				CLANG_WARN__DUPLICATE_METHOD_MATCH = YES;
				"CODE_SIGN_IDENTITY[sdk=iphoneos*]" = "iPhone Developer";
				COPY_PHASE_STRIP = NO;
				ENABLE_STRICT_OBJC_MSGSEND = YES;
				GCC_C_LANGUAGE_STANDARD = gnu99;
				GCC_DYNAMIC_NO_PIC = NO;
				GCC_OPTIMIZATION_LEVEL = 0;
				GCC_PREPROCESSOR_DEFINITIONS = (
					"DEBUG=1",
					"$(inherited)",
				);
				GCC_SYMBOLS_PRIVATE_EXTERN = NO;
				GCC_WARN_64_TO_32_BIT_CONVERSION = YES;
				GCC_WARN_ABOUT_RETURN_TYPE = YES_ERROR;
				GCC_WARN_UNDECLARED_SELECTOR = YES;
				GCC_WARN_UNINITIALIZED_AUTOS = YES_AGGRESSIVE;
				GCC_WARN_UNUSED_FUNCTION = YES;
				GCC_WARN_UNUSED_VARIABLE = YES;
				IPHONEOS_DEPLOYMENT_TARGET = 8.1;
				MTL_ENABLE_DEBUG_INFO = YES;
				ONLY_ACTIVE_ARCH = YES;
				SDKROOT = iphoneos;
				SWIFT_OPTIMIZATION_LEVEL = "-Onone";
			};
			name = Debug;
		};
		686EEB2D1A7F3BC000EE8D8C /* Release */ = {
			isa = XCBuildConfiguration;
			buildSettings = {
				ALWAYS_SEARCH_USER_PATHS = NO;
				CLANG_CXX_LANGUAGE_STANDARD = "gnu++0x";
				CLANG_CXX_LIBRARY = "libc++";
				CLANG_ENABLE_MODULES = YES;
				CLANG_ENABLE_OBJC_ARC = YES;
				CLANG_WARN_BOOL_CONVERSION = YES;
				CLANG_WARN_CONSTANT_CONVERSION = YES;
				CLANG_WARN_DIRECT_OBJC_ISA_USAGE = YES_ERROR;
				CLANG_WARN_EMPTY_BODY = YES;
				CLANG_WARN_ENUM_CONVERSION = YES;
				CLANG_WARN_INT_CONVERSION = YES;
				CLANG_WARN_OBJC_ROOT_CLASS = YES_ERROR;
				CLANG_WARN_UNREACHABLE_CODE = YES;
				CLANG_WARN__DUPLICATE_METHOD_MATCH = YES;
				"CODE_SIGN_IDENTITY[sdk=iphoneos*]" = "iPhone Developer";
				COPY_PHASE_STRIP = YES;
				ENABLE_NS_ASSERTIONS = NO;
				ENABLE_STRICT_OBJC_MSGSEND = YES;
				GCC_C_LANGUAGE_STANDARD = gnu99;
				GCC_WARN_64_TO_32_BIT_CONVERSION = YES;
				GCC_WARN_ABOUT_RETURN_TYPE = YES_ERROR;
				GCC_WARN_UNDECLARED_SELECTOR = YES;
				GCC_WARN_UNINITIALIZED_AUTOS = YES_AGGRESSIVE;
				GCC_WARN_UNUSED_FUNCTION = YES;
				GCC_WARN_UNUSED_VARIABLE = YES;
				IPHONEOS_DEPLOYMENT_TARGET = 8.1;
				MTL_ENABLE_DEBUG_INFO = NO;
				SDKROOT = iphoneos;
				VALIDATE_PRODUCT = YES;
			};
			name = Release;
		};
		686EEB2F1A7F3BC000EE8D8C /* Debug */ = {
			isa = XCBuildConfiguration;
			buildSettings = {
				ASSETCATALOG_COMPILER_APPICON_NAME = AppIcon;
				INFOPLIST_FILE = tippin/Info.plist;
				LD_RUNPATH_SEARCH_PATHS = "$(inherited) @executable_path/Frameworks";
				PRODUCT_NAME = "$(TARGET_NAME)";
			};
			name = Debug;
		};
		686EEB301A7F3BC000EE8D8C /* Release */ = {
			isa = XCBuildConfiguration;
			buildSettings = {
				ASSETCATALOG_COMPILER_APPICON_NAME = AppIcon;
				INFOPLIST_FILE = tippin/Info.plist;
				LD_RUNPATH_SEARCH_PATHS = "$(inherited) @executable_path/Frameworks";
				PRODUCT_NAME = "$(TARGET_NAME)";
			};
			name = Release;
		};
		686EEB321A7F3BC000EE8D8C /* Debug */ = {
			isa = XCBuildConfiguration;
			buildSettings = {
				BUNDLE_LOADER = "$(TEST_HOST)";
				FRAMEWORK_SEARCH_PATHS = (
					"$(SDKROOT)/Developer/Library/Frameworks",
					"$(inherited)",
				);
				GCC_PREPROCESSOR_DEFINITIONS = (
					"DEBUG=1",
					"$(inherited)",
				);
				INFOPLIST_FILE = tippinTests/Info.plist;
				LD_RUNPATH_SEARCH_PATHS = "$(inherited) @executable_path/Frameworks @loader_path/Frameworks";
				PRODUCT_NAME = "$(TARGET_NAME)";
				TEST_HOST = "$(BUILT_PRODUCTS_DIR)/tippin.app/tippin";
			};
			name = Debug;
		};
		686EEB331A7F3BC000EE8D8C /* Release */ = {
			isa = XCBuildConfiguration;
			buildSettings = {
				BUNDLE_LOADER = "$(TEST_HOST)";
				FRAMEWORK_SEARCH_PATHS = (
					"$(SDKROOT)/Developer/Library/Frameworks",
					"$(inherited)",
				);
				INFOPLIST_FILE = tippinTests/Info.plist;
				LD_RUNPATH_SEARCH_PATHS = "$(inherited) @executable_path/Frameworks @loader_path/Frameworks";
				PRODUCT_NAME = "$(TARGET_NAME)";
				TEST_HOST = "$(BUILT_PRODUCTS_DIR)/tippin.app/tippin";
			};
			name = Release;
		};
/* End XCBuildConfiguration section */

/* Begin XCConfigurationList section */
		686EEB0A1A7F3BC000EE8D8C /* Build configuration list for PBXProject "tippin" */ = {
			isa = XCConfigurationList;
			buildConfigurations = (
				686EEB2C1A7F3BC000EE8D8C /* Debug */,
				686EEB2D1A7F3BC000EE8D8C /* Release */,
			);
			defaultConfigurationIsVisible = 0;
			defaultConfigurationName = Release;
		};
		686EEB2E1A7F3BC000EE8D8C /* Build configuration list for PBXNativeTarget "tippin" */ = {
			isa = XCConfigurationList;
			buildConfigurations = (
				686EEB2F1A7F3BC000EE8D8C /* Debug */,
				686EEB301A7F3BC000EE8D8C /* Release */,
			);
			defaultConfigurationIsVisible = 0;
			defaultConfigurationName = Release;
		};
		686EEB311A7F3BC000EE8D8C /* Build configuration list for PBXNativeTarget "tippinTests" */ = {
			isa = XCConfigurationList;
			buildConfigurations = (
				686EEB321A7F3BC000EE8D8C /* Debug */,
				686EEB331A7F3BC000EE8D8C /* Release */,
			);
			defaultConfigurationIsVisible = 0;
			defaultConfigurationName = Release;
		};
/* End XCConfigurationList section */
	};
	rootObject = 686EEB071A7F3BC000EE8D8C /* Project object */;
}
